// !$*UTF8*$!
{
	archiveVersion = 1;
	classes = {
	};
	objectVersion = 50;
	objects = {

/* Begin PBXBuildFile section */
		97FE37BA22DEAE8E00E2262A /* AppDelegate.swift in Sources */ = {isa = PBXBuildFile; fileRef = 97FE37B922DEAE8E00E2262A /* AppDelegate.swift */; };
		97FE37BC22DEAE8E00E2262A /* ViewController.swift in Sources */ = {isa = PBXBuildFile; fileRef = 97FE37BB22DEAE8E00E2262A /* ViewController.swift */; };
		97FE37BF22DEAE8E00E2262A /* Main.storyboard in Resources */ = {isa = PBXBuildFile; fileRef = 97FE37BD22DEAE8E00E2262A /* Main.storyboard */; };
		97FE37C122DEAE8F00E2262A /* Assets.xcassets in Resources */ = {isa = PBXBuildFile; fileRef = 97FE37C022DEAE8F00E2262A /* Assets.xcassets */; };
		97FE37C422DEAE8F00E2262A /* LaunchScreen.storyboard in Resources */ = {isa = PBXBuildFile; fileRef = 97FE37C222DEAE8F00E2262A /* LaunchScreen.storyboard */; };
/* End PBXBuildFile section */

/* Begin PBXFileReference section */
		97FE37B622DEAE8E00E2262A /* Currency Convert App.app */ = {isa = PBXFileReference; explicitFileType = wrapper.application; includeInIndex = 0; path = "Currency Convert App.app"; sourceTree = BUILT_PRODUCTS_DIR; };
		97FE37B922DEAE8E00E2262A /* AppDelegate.swift */ = {isa = PBXFileReference; lastKnownFileType = sourcecode.swift; path = AppDelegate.swift; sourceTree = "<group>"; };
		97FE37BB22DEAE8E00E2262A /* ViewController.swift */ = {isa = PBXFileReference; lastKnownFileType = sourcecode.swift; path = ViewController.swift; sourceTree = "<group>"; };
		97FE37BE22DEAE8E00E2262A /* Base */ = {isa = PBXFileReference; lastKnownFileType = file.storyboard; name = Base; path = Base.lproj/Main.storyboard; sourceTree = "<group>"; };
		97FE37C022DEAE8F00E2262A /* Assets.xcassets */ = {isa = PBXFileReference; lastKnownFileType = folder.assetcatalog; path = Assets.xcassets; sourceTree = "<group>"; };
		97FE37C322DEAE8F00E2262A /* Base */ = {isa = PBXFileReference; lastKnownFileType = file.storyboard; name = Base; path = Base.lproj/LaunchScreen.storyboard; sourceTree = "<group>"; };
		97FE37C522DEAE8F00E2262A /* Info.plist */ = {isa = PBXFileReference; lastKnownFileType = text.plist.xml; path = Info.plist; sourceTree = "<group>"; };
/* End PBXFileReference section */

/* Begin PBXFrameworksBuildPhase section */
		97FE37B322DEAE8E00E2262A /* Frameworks */ = {
			isa = PBXFrameworksBuildPhase;
			buildActionMask = 2147483647;
			files = (
			);
			runOnlyForDeploymentPostprocessing = 0;
		};
/* End PBXFrameworksBuildPhase section */

/* Begin PBXGroup section */
		97FE37AD22DEAE8E00E2262A = {
			isa = PBXGroup;
			children = (
				97FE37B822DEAE8E00E2262A /* Currency Convert App */,
				97FE37B722DEAE8E00E2262A /* Products */,
			);
			sourceTree = "<group>";
		};
		97FE37B722DEAE8E00E2262A /* Products */ = {
			isa = PBXGroup;
			children = (
				97FE37B622DEAE8E00E2262A /* Currency Convert App.app */,
			);
			name = Products;
			sourceTree = "<group>";
		};
		97FE37B822DEAE8E00E2262A /* Currency Convert App */ = {
			isa = PBXGroup;
			children = (
				97FE37B922DEAE8E00E2262A /* AppDelegate.swift */,
				97FE37BB22DEAE8E00E2262A /* ViewController.swift */,
				97FE37BD22DEAE8E00E2262A /* Main.storyboard */,
				97FE37C022DEAE8F00E2262A /* Assets.xcassets */,
				97FE37C222DEAE8F00E2262A /* LaunchScreen.storyboard */,
				97FE37C522DEAE8F00E2262A /* Info.plist */,
			);
			path = "Currency Convert App";
			sourceTree = "<group>";
		};
/* End PBXGroup section */

/* Begin PBXNativeTarget section */
		97FE37B522DEAE8E00E2262A /* Currency Convert App */ = {
			isa = PBXNativeTarget;
			buildConfigurationList = 97FE37C822DEAE8F00E2262A /* Build configuration list for PBXNativeTarget "Currency Convert App" */;
			buildPhases = (
				97FE37B222DEAE8E00E2262A /* Sources */,
				97FE37B322DEAE8E00E2262A /* Frameworks */,
				97FE37B422DEAE8E00E2262A /* Resources */,
			);
			buildRules = (
			);
			dependencies = (
			);
			name = "Currency Convert App";
			productName = "Currency Convert App";
			productReference = 97FE37B622DEAE8E00E2262A /* Currency Convert App.app */;
			productType = "com.apple.product-type.application";
		};
/* End PBXNativeTarget section */

/* Begin PBXProject section */
		97FE37AE22DEAE8E00E2262A /* Project object */ = {
			isa = PBXProject;
			attributes = {
				LastSwiftUpdateCheck = 1020;
				LastUpgradeCheck = 1020;
				ORGANIZATIONNAME = "Chris Gooley";
				TargetAttributes = {
					97FE37B522DEAE8E00E2262A = {
						CreatedOnToolsVersion = 10.2.1;
					};
				};
			};
			buildConfigurationList = 97FE37B122DEAE8E00E2262A /* Build configuration list for PBXProject "Currency Convert App" */;
			compatibilityVersion = "Xcode 9.3";
			developmentRegion = en;
			hasScannedForEncodings = 0;
			knownRegions = (
				en,
				Base,
			);
			mainGroup = 97FE37AD22DEAE8E00E2262A;
			productRefGroup = 97FE37B722DEAE8E00E2262A /* Products */;
			projectDirPath = "";
			projectRoot = "";
			targets = (
				97FE37B522DEAE8E00E2262A /* Currency Convert App */,
			);
		};
/* End PBXProject section */

/* Begin PBXResourcesBuildPhase section */
		97FE37B422DEAE8E00E2262A /* Resources */ = {
			isa = PBXResourcesBuildPhase;
			buildActionMask = 2147483647;
			files = (
				97FE37C422DEAE8F00E2262A /* LaunchScreen.storyboard in Resources */,
				97FE37C122DEAE8F00E2262A /* Assets.xcassets in Resources */,
				97FE37BF22DEAE8E00E2262A /* Main.storyboard in Resources */,
			);
			runOnlyForDeploymentPostprocessing = 0;
		};
/* End PBXResourcesBuildPhase section */

/* Begin PBXSourcesBuildPhase section */
		97FE37B222DEAE8E00E2262A /* Sources */ = {
			isa = PBXSourcesBuildPhase;
			buildActionMask = 2147483647;
			files = (
				97FE37BC22DEAE8E00E2262A /* ViewController.swift in Sources */,
				97FE37BA22DEAE8E00E2262A /* AppDelegate.swift in Sources */,
			);
			runOnlyForDeploymentPostprocessing = 0;
		};
/* End PBXSourcesBuildPhase section */

/* Begin PBXVariantGroup section */
		97FE37BD22DEAE8E00E2262A /* Main.storyboard */ = {
			isa = PBXVariantGroup;
			children = (
				97FE37BE22DEAE8E00E2262A /* Base */,
			);
			name = Main.storyboard;
			sourceTree = "<group>";
		};
		97FE37C222DEAE8F00E2262A /* LaunchScreen.storyboard */ = {
			isa = PBXVariantGroup;
			children = (
				97FE37C322DEAE8F00E2262A /* Base */,
			);
			name = LaunchScreen.storyboard;
			sourceTree = "<group>";
		};
/* End PBXVariantGroup section */

/* Begin XCBuildConfiguration section */
		97FE37C622DEAE8F00E2262A /* Debug */ = {
			isa = XCBuildConfiguration;
			buildSettings = {
				ALWAYS_SEARCH_USER_PATHS = NO;
				CLANG_ANALYZER_NONNULL = YES;
				CLANG_ANALYZER_NUMBER_OBJECT_CONVERSION = YES_AGGRESSIVE;
				CLANG_CXX_LANGUAGE_STANDARD = "gnu++14";
				CLANG_CXX_LIBRARY = "libc++";
				CLANG_ENABLE_MODULES = YES;
				CLANG_ENABLE_OBJC_ARC = YES;
				CLANG_ENABLE_OBJC_WEAK = YES;
				CLANG_WARN_BLOCK_CAPTURE_AUTORELEASING = YES;
				CLANG_WARN_BOOL_CONVERSION = YES;
				CLANG_WARN_COMMA = YES;
				CLANG_WARN_CONSTANT_CONVERSION = YES;
				CLANG_WARN_DEPRECATED_OBJC_IMPLEMENTATIONS = YES;
				CLANG_WARN_DIRECT_OBJC_ISA_USAGE = YES_ERROR;
				CLANG_WARN_DOCUMENTATION_COMMENTS = YES;
				CLANG_WARN_EMPTY_BODY = YES;
				CLANG_WARN_ENUM_CONVERSION = YES;
				CLANG_WARN_INFINITE_RECURSION = YES;
				CLANG_WARN_INT_CONVERSION = YES;
				CLANG_WARN_NON_LITERAL_NULL_CONVERSION = YES;
				CLANG_WARN_OBJC_IMPLICIT_RETAIN_SELF = YES;
				CLANG_WARN_OBJC_LITERAL_CONVERSION = YES;
				CLANG_WARN_OBJC_ROOT_CLASS = YES_ERROR;
				CLANG_WARN_RANGE_LOOP_ANALYSIS = YES;
				CLANG_WARN_STRICT_PROTOTYPES = YES;
				CLANG_WARN_SUSPICIOUS_MOVE = YES;
				CLANG_WARN_UNGUARDED_AVAILABILITY = YES_AGGRESSIVE;
				CLANG_WARN_UNREACHABLE_CODE = YES;
				CLANG_WARN__DUPLICATE_METHOD_MATCH = YES;
				CODE_SIGN_IDENTITY = "iPhone Developer";
				COPY_PHASE_STRIP = NO;
				DEBUG_INFORMATION_FORMAT = dwarf;
				ENABLE_STRICT_OBJC_MSGSEND = YES;
				ENABLE_TESTABILITY = YES;
				GCC_C_LANGUAGE_STANDARD = gnu11;
				GCC_DYNAMIC_NO_PIC = NO;
				GCC_NO_COMMON_BLOCKS = YES;
				GCC_OPTIMIZATION_LEVEL = 0;
				GCC_PREPROCESSOR_DEFINITIONS = (
					"DEBUG=1",
					"$(inherited)",
				);
				GCC_WARN_64_TO_32_BIT_CONVERSION = YES;
				GCC_WARN_ABOUT_RETURN_TYPE = YES_ERROR;
				GCC_WARN_UNDECLARED_SELECTOR = YES;
				GCC_WARN_UNINITIALIZED_AUTOS = YES_AGGRESSIVE;
				GCC_WARN_UNUSED_FUNCTION = YES;
				GCC_WARN_UNUSED_VARIABLE = YES;
				IPHONEOS_DEPLOYMENT_TARGET = 12.2;
				MTL_ENABLE_DEBUG_INFO = INCLUDE_SOURCE;
				MTL_FAST_MATH = YES;
				ONLY_ACTIVE_ARCH = YES;
				SDKROOT = iphoneos;
				SWIFT_ACTIVE_COMPILATION_CONDITIONS = DEBUG;
				SWIFT_OPTIMIZATION_LEVEL = "-Onone";
			};
			name = Debug;
		};
		97FE37C722DEAE8F00E2262A /* Release */ = {
			isa = XCBuildConfiguration;
			buildSettings = {
				ALWAYS_SEARCH_USER_PATHS = NO;
				CLANG_ANALYZER_NONNULL = YES;
				CLANG_ANALYZER_NUMBER_OBJECT_CONVERSION = YES_AGGRESSIVE;
				CLANG_CXX_LANGUAGE_STANDARD = "gnu++14";
				CLANG_CXX_LIBRARY = "libc++";
				CLANG_ENABLE_MODULES = YES;
				CLANG_ENABLE_OBJC_ARC = YES;
				CLANG_ENABLE_OBJC_WEAK = YES;
				CLANG_WARN_BLOCK_CAPTURE_AUTORELEASING = YES;
				CLANG_WARN_BOOL_CONVERSION = YES;
				CLANG_WARN_COMMA = YES;
				CLANG_WARN_CONSTANT_CONVERSION = YES;
				CLANG_WARN_DEPRECATED_OBJC_IMPLEMENTATIONS = YES;
				CLANG_WARN_DIRECT_OBJC_ISA_USAGE = YES_ERROR;
				CLANG_WARN_DOCUMENTATION_COMMENTS = YES;
				CLANG_WARN_EMPTY_BODY = YES;
				CLANG_WARN_ENUM_CONVERSION = YES;
				CLANG_WARN_INFINITE_RECURSION = YES;
				CLANG_WARN_INT_CONVERSION = YES;
				CLANG_WARN_NON_LITERAL_NULL_CONVERSION = YES;
				CLANG_WARN_OBJC_IMPLICIT_RETAIN_SELF = YES;
				CLANG_WARN_OBJC_LITERAL_CONVERSION = YES;
				CLANG_WARN_OBJC_ROOT_CLASS = YES_ERROR;
				CLANG_WARN_RANGE_LOOP_ANALYSIS = YES;
				CLANG_WARN_STRICT_PROTOTYPES = YES;
				CLANG_WARN_SUSPICIOUS_MOVE = YES;
				CLANG_WARN_UNGUARDED_AVAILABILITY = YES_AGGRESSIVE;
				CLANG_WARN_UNREACHABLE_CODE = YES;
				CLANG_WARN__DUPLICATE_METHOD_MATCH = YES;
				CODE_SIGN_IDENTITY = "iPhone Developer";
				COPY_PHASE_STRIP = NO;
				DEBUG_INFORMATION_FORMAT = "dwarf-with-dsym";
				ENABLE_NS_ASSERTIONS = NO;
				ENABLE_STRICT_OBJC_MSGSEND = YES;
				GCC_C_LANGUAGE_STANDARD = gnu11;
				GCC_NO_COMMON_BLOCKS = YES;
				GCC_WARN_64_TO_32_BIT_CONVERSION = YES;
				GCC_WARN_ABOUT_RETURN_TYPE = YES_ERROR;
				GCC_WARN_UNDECLARED_SELECTOR = YES;
				GCC_WARN_UNINITIALIZED_AUTOS = YES_AGGRESSIVE;
				GCC_WARN_UNUSED_FUNCTION = YES;
				GCC_WARN_UNUSED_VARIABLE = YES;
				IPHONEOS_DEPLOYMENT_TARGET = 12.2;
				MTL_ENABLE_DEBUG_INFO = NO;
				MTL_FAST_MATH = YES;
				SDKROOT = iphoneos;
				SWIFT_COMPILATION_MODE = wholemodule;
				SWIFT_OPTIMIZATION_LEVEL = "-O";
				VALIDATE_PRODUCT = YES;
			};
			name = Release;
		};
		97FE37C922DEAE8F00E2262A /* Debug */ = {
			isa = XCBuildConfiguration;
			buildSettings = {
				ASSETCATALOG_COMPILER_APPICON_NAME = AppIcon;
				CODE_SIGN_STYLE = Automatic;
				INFOPLIST_FILE = "Currency Convert App/Info.plist";
				LD_RUNPATH_SEARCH_PATHS = (
					"$(inherited)",
					"@executable_path/Frameworks",
				);
				PRODUCT_BUNDLE_IDENTIFIER = "chrisGooley.Currency-Convert-App";
				PRODUCT_NAME = "$(TARGET_NAME)";
				SWIFT_VERSION = 5.0;
				TARGETED_DEVICE_FAMILY = "1,2";
			};
			name = Debug;
		};
		97FE37CA22DEAE8F00E2262A /* Release */ = {
			isa = XCBuildConfiguration;
			buildSettings = {
				ASSETCATALOG_COMPILER_APPICON_NAME = AppIcon;
				CODE_SIGN_STYLE = Automatic;
				INFOPLIST_FILE = "Currency Convert App/Info.plist";
				LD_RUNPATH_SEARCH_PATHS = (
					"$(inherited)",
					"@executable_path/Frameworks",
				);
				PRODUCT_BUNDLE_IDENTIFIER = "chrisGooley.Currency-Convert-App";
				PRODUCT_NAME = "$(TARGET_NAME)";
				SWIFT_VERSION = 5.0;
				TARGETED_DEVICE_FAMILY = "1,2";
			};
			name = Release;
		};
/* End XCBuildConfiguration section */

/* Begin XCConfigurationList section */
		97FE37B122DEAE8E00E2262A /* Build configuration list for PBXProject "Currency Convert App" */ = {
			isa = XCConfigurationList;
			buildConfigurations = (
				97FE37C622DEAE8F00E2262A /* Debug */,
				97FE37C722DEAE8F00E2262A /* Release */,
			);
			defaultConfigurationIsVisible = 0;
			defaultConfigurationName = Release;
		};
		97FE37C822DEAE8F00E2262A /* Build configuration list for PBXNativeTarget "Currency Convert App" */ = {
			isa = XCConfigurationList;
			buildConfigurations = (
				97FE37C922DEAE8F00E2262A /* Debug */,
				97FE37CA22DEAE8F00E2262A /* Release */,
			);
			defaultConfigurationIsVisible = 0;
			defaultConfigurationName = Release;
		};
/* End XCConfigurationList section */
	};
	rootObject = 97FE37AE22DEAE8E00E2262A /* Project object */;
}
