// !$*UTF8*$!
{
	archiveVersion = 1;
	classes = {
	};
	objectVersion = 50;
	objects = {

/* Begin PBXBuildFile section */
		9184DA9522D6618000B42E40 /* AppDelegate.swift in Sources */ = {isa = PBXBuildFile; fileRef = 9184DA9422D6618000B42E40 /* AppDelegate.swift */; };
		9184DA9722D6618000B42E40 /* ViewController.swift in Sources */ = {isa = PBXBuildFile; fileRef = 9184DA9622D6618000B42E40 /* ViewController.swift */; };
		9184DA9A22D6618000B42E40 /* Main.storyboard in Resources */ = {isa = PBXBuildFile; fileRef = 9184DA9822D6618000B42E40 /* Main.storyboard */; };
		9184DA9C22D6618200B42E40 /* Assets.xcassets in Resources */ = {isa = PBXBuildFile; fileRef = 9184DA9B22D6618200B42E40 /* Assets.xcassets */; };
		9184DA9F22D6618200B42E40 /* LaunchScreen.storyboard in Resources */ = {isa = PBXBuildFile; fileRef = 9184DA9D22D6618200B42E40 /* LaunchScreen.storyboard */; };
		9184DAAA22D6618200B42E40 /* iOS_Afternoon_Project_Swift_Fundamentals_III_Currency_ConverterTests.swift in Sources */ = {isa = PBXBuildFile; fileRef = 9184DAA922D6618200B42E40 /* iOS_Afternoon_Project_Swift_Fundamentals_III_Currency_ConverterTests.swift */; };
		9184DAB522D6618200B42E40 /* iOS_Afternoon_Project_Swift_Fundamentals_III_Currency_ConverterUITests.swift in Sources */ = {isa = PBXBuildFile; fileRef = 9184DAB422D6618200B42E40 /* iOS_Afternoon_Project_Swift_Fundamentals_III_Currency_ConverterUITests.swift */; };
/* End PBXBuildFile section */

/* Begin PBXContainerItemProxy section */
		9184DAA622D6618200B42E40 /* PBXContainerItemProxy */ = {
			isa = PBXContainerItemProxy;
			containerPortal = 9184DA8922D6618000B42E40 /* Project object */;
			proxyType = 1;
			remoteGlobalIDString = 9184DA9022D6618000B42E40;
			remoteInfo = "iOS-Afternoon-Project-Swift-Fundamentals-III-Currency-Converter";
		};
		9184DAB122D6618200B42E40 /* PBXContainerItemProxy */ = {
			isa = PBXContainerItemProxy;
			containerPortal = 9184DA8922D6618000B42E40 /* Project object */;
			proxyType = 1;
			remoteGlobalIDString = 9184DA9022D6618000B42E40;
			remoteInfo = "iOS-Afternoon-Project-Swift-Fundamentals-III-Currency-Converter";
		};
/* End PBXContainerItemProxy section */

/* Begin PBXFileReference section */
		9184DA9122D6618000B42E40 /* iOS-Afternoon-Project-Swift-Fundamentals-III-Currency-Converter.app */ = {isa = PBXFileReference; explicitFileType = wrapper.application; includeInIndex = 0; path = "iOS-Afternoon-Project-Swift-Fundamentals-III-Currency-Converter.app"; sourceTree = BUILT_PRODUCTS_DIR; };
		9184DA9422D6618000B42E40 /* AppDelegate.swift */ = {isa = PBXFileReference; lastKnownFileType = sourcecode.swift; path = AppDelegate.swift; sourceTree = "<group>"; };
		9184DA9622D6618000B42E40 /* ViewController.swift */ = {isa = PBXFileReference; lastKnownFileType = sourcecode.swift; path = ViewController.swift; sourceTree = "<group>"; };
		9184DA9922D6618000B42E40 /* Base */ = {isa = PBXFileReference; lastKnownFileType = file.storyboard; name = Base; path = Base.lproj/Main.storyboard; sourceTree = "<group>"; };
		9184DA9B22D6618200B42E40 /* Assets.xcassets */ = {isa = PBXFileReference; lastKnownFileType = folder.assetcatalog; path = Assets.xcassets; sourceTree = "<group>"; };
		9184DA9E22D6618200B42E40 /* Base */ = {isa = PBXFileReference; lastKnownFileType = file.storyboard; name = Base; path = Base.lproj/LaunchScreen.storyboard; sourceTree = "<group>"; };
		9184DAA022D6618200B42E40 /* Info.plist */ = {isa = PBXFileReference; lastKnownFileType = text.plist.xml; path = Info.plist; sourceTree = "<group>"; };
		9184DAA522D6618200B42E40 /* iOS-Afternoon-Project-Swift-Fundamentals-III-Currency-ConverterTests.xctest */ = {isa = PBXFileReference; explicitFileType = wrapper.cfbundle; includeInIndex = 0; path = "iOS-Afternoon-Project-Swift-Fundamentals-III-Currency-ConverterTests.xctest"; sourceTree = BUILT_PRODUCTS_DIR; };
		9184DAA922D6618200B42E40 /* iOS_Afternoon_Project_Swift_Fundamentals_III_Currency_ConverterTests.swift */ = {isa = PBXFileReference; lastKnownFileType = sourcecode.swift; path = iOS_Afternoon_Project_Swift_Fundamentals_III_Currency_ConverterTests.swift; sourceTree = "<group>"; };
		9184DAAB22D6618200B42E40 /* Info.plist */ = {isa = PBXFileReference; lastKnownFileType = text.plist.xml; path = Info.plist; sourceTree = "<group>"; };
		9184DAB022D6618200B42E40 /* iOS-Afternoon-Project-Swift-Fundamentals-III-Currency-ConverterUITests.xctest */ = {isa = PBXFileReference; explicitFileType = wrapper.cfbundle; includeInIndex = 0; path = "iOS-Afternoon-Project-Swift-Fundamentals-III-Currency-ConverterUITests.xctest"; sourceTree = BUILT_PRODUCTS_DIR; };
		9184DAB422D6618200B42E40 /* iOS_Afternoon_Project_Swift_Fundamentals_III_Currency_ConverterUITests.swift */ = {isa = PBXFileReference; lastKnownFileType = sourcecode.swift; path = iOS_Afternoon_Project_Swift_Fundamentals_III_Currency_ConverterUITests.swift; sourceTree = "<group>"; };
		9184DAB622D6618200B42E40 /* Info.plist */ = {isa = PBXFileReference; lastKnownFileType = text.plist.xml; path = Info.plist; sourceTree = "<group>"; };
/* End PBXFileReference section */

/* Begin PBXFrameworksBuildPhase section */
		9184DA8E22D6618000B42E40 /* Frameworks */ = {
			isa = PBXFrameworksBuildPhase;
			buildActionMask = 2147483647;
			files = (
			);
			runOnlyForDeploymentPostprocessing = 0;
		};
		9184DAA222D6618200B42E40 /* Frameworks */ = {
			isa = PBXFrameworksBuildPhase;
			buildActionMask = 2147483647;
			files = (
			);
			runOnlyForDeploymentPostprocessing = 0;
		};
		9184DAAD22D6618200B42E40 /* Frameworks */ = {
			isa = PBXFrameworksBuildPhase;
			buildActionMask = 2147483647;
			files = (
			);
			runOnlyForDeploymentPostprocessing = 0;
		};
/* End PBXFrameworksBuildPhase section */

/* Begin PBXGroup section */
		9184DA8822D6618000B42E40 = {
			isa = PBXGroup;
			children = (
				9184DA9322D6618000B42E40 /* iOS-Afternoon-Project-Swift-Fundamentals-III-Currency-Converter */,
				9184DAA822D6618200B42E40 /* iOS-Afternoon-Project-Swift-Fundamentals-III-Currency-ConverterTests */,
				9184DAB322D6618200B42E40 /* iOS-Afternoon-Project-Swift-Fundamentals-III-Currency-ConverterUITests */,
				9184DA9222D6618000B42E40 /* Products */,
			);
			sourceTree = "<group>";
		};
		9184DA9222D6618000B42E40 /* Products */ = {
			isa = PBXGroup;
			children = (
				9184DA9122D6618000B42E40 /* iOS-Afternoon-Project-Swift-Fundamentals-III-Currency-Converter.app */,
				9184DAA522D6618200B42E40 /* iOS-Afternoon-Project-Swift-Fundamentals-III-Currency-ConverterTests.xctest */,
				9184DAB022D6618200B42E40 /* iOS-Afternoon-Project-Swift-Fundamentals-III-Currency-ConverterUITests.xctest */,
			);
			name = Products;
			sourceTree = "<group>";
		};
		9184DA9322D6618000B42E40 /* iOS-Afternoon-Project-Swift-Fundamentals-III-Currency-Converter */ = {
			isa = PBXGroup;
			children = (
				9184DA9422D6618000B42E40 /* AppDelegate.swift */,
				9184DA9622D6618000B42E40 /* ViewController.swift */,
				9184DA9822D6618000B42E40 /* Main.storyboard */,
				9184DA9B22D6618200B42E40 /* Assets.xcassets */,
				9184DA9D22D6618200B42E40 /* LaunchScreen.storyboard */,
				9184DAA022D6618200B42E40 /* Info.plist */,
			);
			path = "iOS-Afternoon-Project-Swift-Fundamentals-III-Currency-Converter";
			sourceTree = "<group>";
		};
		9184DAA822D6618200B42E40 /* iOS-Afternoon-Project-Swift-Fundamentals-III-Currency-ConverterTests */ = {
			isa = PBXGroup;
			children = (
				9184DAA922D6618200B42E40 /* iOS_Afternoon_Project_Swift_Fundamentals_III_Currency_ConverterTests.swift */,
				9184DAAB22D6618200B42E40 /* Info.plist */,
			);
			path = "iOS-Afternoon-Project-Swift-Fundamentals-III-Currency-ConverterTests";
			sourceTree = "<group>";
		};
		9184DAB322D6618200B42E40 /* iOS-Afternoon-Project-Swift-Fundamentals-III-Currency-ConverterUITests */ = {
			isa = PBXGroup;
			children = (
				9184DAB422D6618200B42E40 /* iOS_Afternoon_Project_Swift_Fundamentals_III_Currency_ConverterUITests.swift */,
				9184DAB622D6618200B42E40 /* Info.plist */,
			);
			path = "iOS-Afternoon-Project-Swift-Fundamentals-III-Currency-ConverterUITests";
			sourceTree = "<group>";
		};
/* End PBXGroup section */

/* Begin PBXNativeTarget section */
		9184DA9022D6618000B42E40 /* iOS-Afternoon-Project-Swift-Fundamentals-III-Currency-Converter */ = {
			isa = PBXNativeTarget;
			buildConfigurationList = 9184DAB922D6618200B42E40 /* Build configuration list for PBXNativeTarget "iOS-Afternoon-Project-Swift-Fundamentals-III-Currency-Converter" */;
			buildPhases = (
				9184DA8D22D6618000B42E40 /* Sources */,
				9184DA8E22D6618000B42E40 /* Frameworks */,
				9184DA8F22D6618000B42E40 /* Resources */,
			);
			buildRules = (
			);
			dependencies = (
			);
			name = "iOS-Afternoon-Project-Swift-Fundamentals-III-Currency-Converter";
			productName = "iOS-Afternoon-Project-Swift-Fundamentals-III-Currency-Converter";
			productReference = 9184DA9122D6618000B42E40 /* iOS-Afternoon-Project-Swift-Fundamentals-III-Currency-Converter.app */;
			productType = "com.apple.product-type.application";
		};
		9184DAA422D6618200B42E40 /* iOS-Afternoon-Project-Swift-Fundamentals-III-Currency-ConverterTests */ = {
			isa = PBXNativeTarget;
			buildConfigurationList = 9184DABC22D6618200B42E40 /* Build configuration list for PBXNativeTarget "iOS-Afternoon-Project-Swift-Fundamentals-III-Currency-ConverterTests" */;
			buildPhases = (
				9184DAA122D6618200B42E40 /* Sources */,
				9184DAA222D6618200B42E40 /* Frameworks */,
				9184DAA322D6618200B42E40 /* Resources */,
			);
			buildRules = (
			);
			dependencies = (
				9184DAA722D6618200B42E40 /* PBXTargetDependency */,
			);
			name = "iOS-Afternoon-Project-Swift-Fundamentals-III-Currency-ConverterTests";
			productName = "iOS-Afternoon-Project-Swift-Fundamentals-III-Currency-ConverterTests";
			productReference = 9184DAA522D6618200B42E40 /* iOS-Afternoon-Project-Swift-Fundamentals-III-Currency-ConverterTests.xctest */;
			productType = "com.apple.product-type.bundle.unit-test";
		};
		9184DAAF22D6618200B42E40 /* iOS-Afternoon-Project-Swift-Fundamentals-III-Currency-ConverterUITests */ = {
			isa = PBXNativeTarget;
			buildConfigurationList = 9184DABF22D6618200B42E40 /* Build configuration list for PBXNativeTarget "iOS-Afternoon-Project-Swift-Fundamentals-III-Currency-ConverterUITests" */;
			buildPhases = (
				9184DAAC22D6618200B42E40 /* Sources */,
				9184DAAD22D6618200B42E40 /* Frameworks */,
				9184DAAE22D6618200B42E40 /* Resources */,
			);
			buildRules = (
			);
			dependencies = (
				9184DAB222D6618200B42E40 /* PBXTargetDependency */,
			);
			name = "iOS-Afternoon-Project-Swift-Fundamentals-III-Currency-ConverterUITests";
			productName = "iOS-Afternoon-Project-Swift-Fundamentals-III-Currency-ConverterUITests";
			productReference = 9184DAB022D6618200B42E40 /* iOS-Afternoon-Project-Swift-Fundamentals-III-Currency-ConverterUITests.xctest */;
			productType = "com.apple.product-type.bundle.ui-testing";
		};
/* End PBXNativeTarget section */

/* Begin PBXProject section */
		9184DA8922D6618000B42E40 /* Project object */ = {
			isa = PBXProject;
			attributes = {
				LastSwiftUpdateCheck = 1020;
				LastUpgradeCheck = 1020;
				ORGANIZATIONNAME = "Blake Andrew Price";
				TargetAttributes = {
					9184DA9022D6618000B42E40 = {
						CreatedOnToolsVersion = 10.2.1;
					};
					9184DAA422D6618200B42E40 = {
						CreatedOnToolsVersion = 10.2.1;
						TestTargetID = 9184DA9022D6618000B42E40;
					};
					9184DAAF22D6618200B42E40 = {
						CreatedOnToolsVersion = 10.2.1;
						TestTargetID = 9184DA9022D6618000B42E40;
					};
				};
			};
			buildConfigurationList = 9184DA8C22D6618000B42E40 /* Build configuration list for PBXProject "iOS-Afternoon-Project-Swift-Fundamentals-III-Currency-Converter" */;
			compatibilityVersion = "Xcode 9.3";
			developmentRegion = en;
			hasScannedForEncodings = 0;
			knownRegions = (
				en,
				Base,
			);
			mainGroup = 9184DA8822D6618000B42E40;
			productRefGroup = 9184DA9222D6618000B42E40 /* Products */;
			projectDirPath = "";
			projectRoot = "";
			targets = (
				9184DA9022D6618000B42E40 /* iOS-Afternoon-Project-Swift-Fundamentals-III-Currency-Converter */,
				9184DAA422D6618200B42E40 /* iOS-Afternoon-Project-Swift-Fundamentals-III-Currency-ConverterTests */,
				9184DAAF22D6618200B42E40 /* iOS-Afternoon-Project-Swift-Fundamentals-III-Currency-ConverterUITests */,
			);
		};
/* End PBXProject section */

/* Begin PBXResourcesBuildPhase section */
		9184DA8F22D6618000B42E40 /* Resources */ = {
			isa = PBXResourcesBuildPhase;
			buildActionMask = 2147483647;
			files = (
				9184DA9F22D6618200B42E40 /* LaunchScreen.storyboard in Resources */,
				9184DA9C22D6618200B42E40 /* Assets.xcassets in Resources */,
				9184DA9A22D6618000B42E40 /* Main.storyboard in Resources */,
			);
			runOnlyForDeploymentPostprocessing = 0;
		};
		9184DAA322D6618200B42E40 /* Resources */ = {
			isa = PBXResourcesBuildPhase;
			buildActionMask = 2147483647;
			files = (
			);
			runOnlyForDeploymentPostprocessing = 0;
		};
		9184DAAE22D6618200B42E40 /* Resources */ = {
			isa = PBXResourcesBuildPhase;
			buildActionMask = 2147483647;
			files = (
			);
			runOnlyForDeploymentPostprocessing = 0;
		};
/* End PBXResourcesBuildPhase section */

/* Begin PBXSourcesBuildPhase section */
		9184DA8D22D6618000B42E40 /* Sources */ = {
			isa = PBXSourcesBuildPhase;
			buildActionMask = 2147483647;
			files = (
				9184DA9722D6618000B42E40 /* ViewController.swift in Sources */,
				9184DA9522D6618000B42E40 /* AppDelegate.swift in Sources */,
			);
			runOnlyForDeploymentPostprocessing = 0;
		};
		9184DAA122D6618200B42E40 /* Sources */ = {
			isa = PBXSourcesBuildPhase;
			buildActionMask = 2147483647;
			files = (
				9184DAAA22D6618200B42E40 /* iOS_Afternoon_Project_Swift_Fundamentals_III_Currency_ConverterTests.swift in Sources */,
			);
			runOnlyForDeploymentPostprocessing = 0;
		};
		9184DAAC22D6618200B42E40 /* Sources */ = {
			isa = PBXSourcesBuildPhase;
			buildActionMask = 2147483647;
			files = (
				9184DAB522D6618200B42E40 /* iOS_Afternoon_Project_Swift_Fundamentals_III_Currency_ConverterUITests.swift in Sources */,
			);
			runOnlyForDeploymentPostprocessing = 0;
		};
/* End PBXSourcesBuildPhase section */

/* Begin PBXTargetDependency section */
		9184DAA722D6618200B42E40 /* PBXTargetDependency */ = {
			isa = PBXTargetDependency;
			target = 9184DA9022D6618000B42E40 /* iOS-Afternoon-Project-Swift-Fundamentals-III-Currency-Converter */;
			targetProxy = 9184DAA622D6618200B42E40 /* PBXContainerItemProxy */;
		};
		9184DAB222D6618200B42E40 /* PBXTargetDependency */ = {
			isa = PBXTargetDependency;
			target = 9184DA9022D6618000B42E40 /* iOS-Afternoon-Project-Swift-Fundamentals-III-Currency-Converter */;
			targetProxy = 9184DAB122D6618200B42E40 /* PBXContainerItemProxy */;
		};
/* End PBXTargetDependency section */

/* Begin PBXVariantGroup section */
		9184DA9822D6618000B42E40 /* Main.storyboard */ = {
			isa = PBXVariantGroup;
			children = (
				9184DA9922D6618000B42E40 /* Base */,
			);
			name = Main.storyboard;
			sourceTree = "<group>";
		};
		9184DA9D22D6618200B42E40 /* LaunchScreen.storyboard */ = {
			isa = PBXVariantGroup;
			children = (
				9184DA9E22D6618200B42E40 /* Base */,
			);
			name = LaunchScreen.storyboard;
			sourceTree = "<group>";
		};
/* End PBXVariantGroup section */

/* Begin XCBuildConfiguration section */
		9184DAB722D6618200B42E40 /* Debug */ = {
			isa = XCBuildConfiguration;
			buildSettings = {
				ALWAYS_SEARCH_USER_PATHS = NO;
				CLANG_ANALYZER_NONNULL = YES;
				CLANG_ANALYZER_NUMBER_OBJECT_CONVERSION = YES_AGGRESSIVE;
				CLANG_CXX_LANGUAGE_STANDARD = "gnu++14";
				CLANG_CXX_LIBRARY = "libc++";
				CLANG_ENABLE_MODULES = YES;
				CLANG_ENABLE_OBJC_ARC = YES;
				CLANG_ENABLE_OBJC_WEAK = YES;
				CLANG_WARN_BLOCK_CAPTURE_AUTORELEASING = YES;
				CLANG_WARN_BOOL_CONVERSION = YES;
				CLANG_WARN_COMMA = YES;
				CLANG_WARN_CONSTANT_CONVERSION = YES;
				CLANG_WARN_DEPRECATED_OBJC_IMPLEMENTATIONS = YES;
				CLANG_WARN_DIRECT_OBJC_ISA_USAGE = YES_ERROR;
				CLANG_WARN_DOCUMENTATION_COMMENTS = YES;
				CLANG_WARN_EMPTY_BODY = YES;
				CLANG_WARN_ENUM_CONVERSION = YES;
				CLANG_WARN_INFINITE_RECURSION = YES;
				CLANG_WARN_INT_CONVERSION = YES;
				CLANG_WARN_NON_LITERAL_NULL_CONVERSION = YES;
				CLANG_WARN_OBJC_IMPLICIT_RETAIN_SELF = YES;
				CLANG_WARN_OBJC_LITERAL_CONVERSION = YES;
				CLANG_WARN_OBJC_ROOT_CLASS = YES_ERROR;
				CLANG_WARN_RANGE_LOOP_ANALYSIS = YES;
				CLANG_WARN_STRICT_PROTOTYPES = YES;
				CLANG_WARN_SUSPICIOUS_MOVE = YES;
				CLANG_WARN_UNGUARDED_AVAILABILITY = YES_AGGRESSIVE;
				CLANG_WARN_UNREACHABLE_CODE = YES;
				CLANG_WARN__DUPLICATE_METHOD_MATCH = YES;
				CODE_SIGN_IDENTITY = "iPhone Developer";
				COPY_PHASE_STRIP = NO;
				DEBUG_INFORMATION_FORMAT = dwarf;
				ENABLE_STRICT_OBJC_MSGSEND = YES;
				ENABLE_TESTABILITY = YES;
				GCC_C_LANGUAGE_STANDARD = gnu11;
				GCC_DYNAMIC_NO_PIC = NO;
				GCC_NO_COMMON_BLOCKS = YES;
				GCC_OPTIMIZATION_LEVEL = 0;
				GCC_PREPROCESSOR_DEFINITIONS = (
					"DEBUG=1",
					"$(inherited)",
				);
				GCC_WARN_64_TO_32_BIT_CONVERSION = YES;
				GCC_WARN_ABOUT_RETURN_TYPE = YES_ERROR;
				GCC_WARN_UNDECLARED_SELECTOR = YES;
				GCC_WARN_UNINITIALIZED_AUTOS = YES_AGGRESSIVE;
				GCC_WARN_UNUSED_FUNCTION = YES;
				GCC_WARN_UNUSED_VARIABLE = YES;
				IPHONEOS_DEPLOYMENT_TARGET = 12.2;
				MTL_ENABLE_DEBUG_INFO = INCLUDE_SOURCE;
				MTL_FAST_MATH = YES;
				ONLY_ACTIVE_ARCH = YES;
				SDKROOT = iphoneos;
				SWIFT_ACTIVE_COMPILATION_CONDITIONS = DEBUG;
				SWIFT_OPTIMIZATION_LEVEL = "-Onone";
			};
			name = Debug;
		};
		9184DAB822D6618200B42E40 /* Release */ = {
			isa = XCBuildConfiguration;
			buildSettings = {
				ALWAYS_SEARCH_USER_PATHS = NO;
				CLANG_ANALYZER_NONNULL = YES;
				CLANG_ANALYZER_NUMBER_OBJECT_CONVERSION = YES_AGGRESSIVE;
				CLANG_CXX_LANGUAGE_STANDARD = "gnu++14";
				CLANG_CXX_LIBRARY = "libc++";
				CLANG_ENABLE_MODULES = YES;
				CLANG_ENABLE_OBJC_ARC = YES;
				CLANG_ENABLE_OBJC_WEAK = YES;
				CLANG_WARN_BLOCK_CAPTURE_AUTORELEASING = YES;
				CLANG_WARN_BOOL_CONVERSION = YES;
				CLANG_WARN_COMMA = YES;
				CLANG_WARN_CONSTANT_CONVERSION = YES;
				CLANG_WARN_DEPRECATED_OBJC_IMPLEMENTATIONS = YES;
				CLANG_WARN_DIRECT_OBJC_ISA_USAGE = YES_ERROR;
				CLANG_WARN_DOCUMENTATION_COMMENTS = YES;
				CLANG_WARN_EMPTY_BODY = YES;
				CLANG_WARN_ENUM_CONVERSION = YES;
				CLANG_WARN_INFINITE_RECURSION = YES;
				CLANG_WARN_INT_CONVERSION = YES;
				CLANG_WARN_NON_LITERAL_NULL_CONVERSION = YES;
				CLANG_WARN_OBJC_IMPLICIT_RETAIN_SELF = YES;
				CLANG_WARN_OBJC_LITERAL_CONVERSION = YES;
				CLANG_WARN_OBJC_ROOT_CLASS = YES_ERROR;
				CLANG_WARN_RANGE_LOOP_ANALYSIS = YES;
				CLANG_WARN_STRICT_PROTOTYPES = YES;
				CLANG_WARN_SUSPICIOUS_MOVE = YES;
				CLANG_WARN_UNGUARDED_AVAILABILITY = YES_AGGRESSIVE;
				CLANG_WARN_UNREACHABLE_CODE = YES;
				CLANG_WARN__DUPLICATE_METHOD_MATCH = YES;
				CODE_SIGN_IDENTITY = "iPhone Developer";
				COPY_PHASE_STRIP = NO;
				DEBUG_INFORMATION_FORMAT = "dwarf-with-dsym";
				ENABLE_NS_ASSERTIONS = NO;
				ENABLE_STRICT_OBJC_MSGSEND = YES;
				GCC_C_LANGUAGE_STANDARD = gnu11;
				GCC_NO_COMMON_BLOCKS = YES;
				GCC_WARN_64_TO_32_BIT_CONVERSION = YES;
				GCC_WARN_ABOUT_RETURN_TYPE = YES_ERROR;
				GCC_WARN_UNDECLARED_SELECTOR = YES;
				GCC_WARN_UNINITIALIZED_AUTOS = YES_AGGRESSIVE;
				GCC_WARN_UNUSED_FUNCTION = YES;
				GCC_WARN_UNUSED_VARIABLE = YES;
				IPHONEOS_DEPLOYMENT_TARGET = 12.2;
				MTL_ENABLE_DEBUG_INFO = NO;
				MTL_FAST_MATH = YES;
				SDKROOT = iphoneos;
				SWIFT_COMPILATION_MODE = wholemodule;
				SWIFT_OPTIMIZATION_LEVEL = "-O";
				VALIDATE_PRODUCT = YES;
			};
			name = Release;
		};
		9184DABA22D6618200B42E40 /* Debug */ = {
			isa = XCBuildConfiguration;
			buildSettings = {
				ASSETCATALOG_COMPILER_APPICON_NAME = AppIcon;
				CODE_SIGN_STYLE = Automatic;
				INFOPLIST_FILE = "iOS-Afternoon-Project-Swift-Fundamentals-III-Currency-Converter/Info.plist";
				LD_RUNPATH_SEARCH_PATHS = (
					"$(inherited)",
					"@executable_path/Frameworks",
				);
				PRODUCT_BUNDLE_IDENTIFIER = "LambdaSchoolProject.iOS-Afternoon-Project-Swift-Fundamentals-III-Currency-Converter";
				PRODUCT_NAME = "$(TARGET_NAME)";
				SWIFT_VERSION = 5.0;
				TARGETED_DEVICE_FAMILY = "1,2";
			};
			name = Debug;
		};
		9184DABB22D6618200B42E40 /* Release */ = {
			isa = XCBuildConfiguration;
			buildSettings = {
				ASSETCATALOG_COMPILER_APPICON_NAME = AppIcon;
				CODE_SIGN_STYLE = Automatic;
				INFOPLIST_FILE = "iOS-Afternoon-Project-Swift-Fundamentals-III-Currency-Converter/Info.plist";
				LD_RUNPATH_SEARCH_PATHS = (
					"$(inherited)",
					"@executable_path/Frameworks",
				);
				PRODUCT_BUNDLE_IDENTIFIER = "LambdaSchoolProject.iOS-Afternoon-Project-Swift-Fundamentals-III-Currency-Converter";
				PRODUCT_NAME = "$(TARGET_NAME)";
				SWIFT_VERSION = 5.0;
				TARGETED_DEVICE_FAMILY = "1,2";
			};
			name = Release;
		};
		9184DABD22D6618200B42E40 /* Debug */ = {
			isa = XCBuildConfiguration;
			buildSettings = {
				ALWAYS_EMBED_SWIFT_STANDARD_LIBRARIES = YES;
				BUNDLE_LOADER = "$(TEST_HOST)";
				CODE_SIGN_STYLE = Automatic;
				INFOPLIST_FILE = "iOS-Afternoon-Project-Swift-Fundamentals-III-Currency-ConverterTests/Info.plist";
				LD_RUNPATH_SEARCH_PATHS = (
					"$(inherited)",
					"@executable_path/Frameworks",
					"@loader_path/Frameworks",
				);
				PRODUCT_BUNDLE_IDENTIFIER = "LambdaSchoolProject.iOS-Afternoon-Project-Swift-Fundamentals-III-Currency-ConverterTests";
				PRODUCT_NAME = "$(TARGET_NAME)";
				SWIFT_VERSION = 5.0;
				TARGETED_DEVICE_FAMILY = "1,2";
				TEST_HOST = "$(BUILT_PRODUCTS_DIR)/iOS-Afternoon-Project-Swift-Fundamentals-III-Currency-Converter.app/iOS-Afternoon-Project-Swift-Fundamentals-III-Currency-Converter";
			};
			name = Debug;
		};
		9184DABE22D6618200B42E40 /* Release */ = {
			isa = XCBuildConfiguration;
			buildSettings = {
				ALWAYS_EMBED_SWIFT_STANDARD_LIBRARIES = YES;
				BUNDLE_LOADER = "$(TEST_HOST)";
				CODE_SIGN_STYLE = Automatic;
				INFOPLIST_FILE = "iOS-Afternoon-Project-Swift-Fundamentals-III-Currency-ConverterTests/Info.plist";
				LD_RUNPATH_SEARCH_PATHS = (
					"$(inherited)",
					"@executable_path/Frameworks",
					"@loader_path/Frameworks",
				);
				PRODUCT_BUNDLE_IDENTIFIER = "LambdaSchoolProject.iOS-Afternoon-Project-Swift-Fundamentals-III-Currency-ConverterTests";
				PRODUCT_NAME = "$(TARGET_NAME)";
				SWIFT_VERSION = 5.0;
				TARGETED_DEVICE_FAMILY = "1,2";
				TEST_HOST = "$(BUILT_PRODUCTS_DIR)/iOS-Afternoon-Project-Swift-Fundamentals-III-Currency-Converter.app/iOS-Afternoon-Project-Swift-Fundamentals-III-Currency-Converter";
			};
			name = Release;
		};
		9184DAC022D6618200B42E40 /* Debug */ = {
			isa = XCBuildConfiguration;
			buildSettings = {
				ALWAYS_EMBED_SWIFT_STANDARD_LIBRARIES = YES;
				CODE_SIGN_STYLE = Automatic;
				INFOPLIST_FILE = "iOS-Afternoon-Project-Swift-Fundamentals-III-Currency-ConverterUITests/Info.plist";
				LD_RUNPATH_SEARCH_PATHS = (
					"$(inherited)",
					"@executable_path/Frameworks",
					"@loader_path/Frameworks",
				);
				PRODUCT_BUNDLE_IDENTIFIER = "LambdaSchoolProject.iOS-Afternoon-Project-Swift-Fundamentals-III-Currency-ConverterUITests";
				PRODUCT_NAME = "$(TARGET_NAME)";
				SWIFT_VERSION = 5.0;
				TARGETED_DEVICE_FAMILY = "1,2";
				TEST_TARGET_NAME = "iOS-Afternoon-Project-Swift-Fundamentals-III-Currency-Converter";
			};
			name = Debug;
		};
		9184DAC122D6618200B42E40 /* Release */ = {
			isa = XCBuildConfiguration;
			buildSettings = {
				ALWAYS_EMBED_SWIFT_STANDARD_LIBRARIES = YES;
				CODE_SIGN_STYLE = Automatic;
				INFOPLIST_FILE = "iOS-Afternoon-Project-Swift-Fundamentals-III-Currency-ConverterUITests/Info.plist";
				LD_RUNPATH_SEARCH_PATHS = (
					"$(inherited)",
					"@executable_path/Frameworks",
					"@loader_path/Frameworks",
				);
				PRODUCT_BUNDLE_IDENTIFIER = "LambdaSchoolProject.iOS-Afternoon-Project-Swift-Fundamentals-III-Currency-ConverterUITests";
				PRODUCT_NAME = "$(TARGET_NAME)";
				SWIFT_VERSION = 5.0;
				TARGETED_DEVICE_FAMILY = "1,2";
				TEST_TARGET_NAME = "iOS-Afternoon-Project-Swift-Fundamentals-III-Currency-Converter";
			};
			name = Release;
		};
/* End XCBuildConfiguration section */

/* Begin XCConfigurationList section */
		9184DA8C22D6618000B42E40 /* Build configuration list for PBXProject "iOS-Afternoon-Project-Swift-Fundamentals-III-Currency-Converter" */ = {
			isa = XCConfigurationList;
			buildConfigurations = (
				9184DAB722D6618200B42E40 /* Debug */,
				9184DAB822D6618200B42E40 /* Release */,
			);
			defaultConfigurationIsVisible = 0;
			defaultConfigurationName = Release;
		};
		9184DAB922D6618200B42E40 /* Build configuration list for PBXNativeTarget "iOS-Afternoon-Project-Swift-Fundamentals-III-Currency-Converter" */ = {
			isa = XCConfigurationList;
			buildConfigurations = (
				9184DABA22D6618200B42E40 /* Debug */,
				9184DABB22D6618200B42E40 /* Release */,
			);
			defaultConfigurationIsVisible = 0;
			defaultConfigurationName = Release;
		};
		9184DABC22D6618200B42E40 /* Build configuration list for PBXNativeTarget "iOS-Afternoon-Project-Swift-Fundamentals-III-Currency-ConverterTests" */ = {
			isa = XCConfigurationList;
			buildConfigurations = (
				9184DABD22D6618200B42E40 /* Debug */,
				9184DABE22D6618200B42E40 /* Release */,
			);
			defaultConfigurationIsVisible = 0;
			defaultConfigurationName = Release;
		};
		9184DABF22D6618200B42E40 /* Build configuration list for PBXNativeTarget "iOS-Afternoon-Project-Swift-Fundamentals-III-Currency-ConverterUITests" */ = {
			isa = XCConfigurationList;
			buildConfigurations = (
				9184DAC022D6618200B42E40 /* Debug */,
				9184DAC122D6618200B42E40 /* Release */,
			);
			defaultConfigurationIsVisible = 0;
			defaultConfigurationName = Release;
		};
/* End XCConfigurationList section */
	};
	rootObject = 9184DA8922D6618000B42E40 /* Project object */;
}
